
Microsoft Visual Studio Solution File, Format Version 12.00
# Visual Studio Version 17
VisualStudioVersion = 17.11.35327.3
MinimumVisualStudioVersion = 10.0.40219.1
Project("{FAE04EC0-301F-11D3-BF4B-00C04F79EFBC}") = "MovieCollection", "MovieCollection\MovieCollection.csproj", "{35D90A8E-3752-4D3B-A110-24160D8A118A}"
EndProject
Global
	GlobalSection(SolutionConfigurationPlatforms) = preSolution
		Debug|Any CPU = Debug|Any CPU
		Release|Any CPU = Release|Any CPU
	EndGlobalSection
	GlobalSection(ProjectConfigurationPlatforms) = postSolution
		{35D90A8E-3752-4D3B-A110-24160D8A118A}.Debug|Any CPU.ActiveCfg = Debug|Any CPU
		{35D90A8E-3752-4D3B-A110-24160D8A118A}.Debug|Any CPU.Build.0 = Debug|Any CPU
		{35D90A8E-3752-4D3B-A110-24160D8A118A}.Release|Any CPU.ActiveCfg = Release|Any CPU
		{35D90A8E-3752-4D3B-A110-24160D8A118A}.Release|Any CPU.Build.0 = Release|Any CPU
	EndGlobalSection
	GlobalSection(SolutionProperties) = preSolution
		HideSolutionNode = FALSE
	EndGlobalSection
	GlobalSection(ExtensibilityGlobals) = postSolution
		SolutionGuid = {1F7B3BC3-5E4B-4D24-8910-4E90405DA9C7}
	EndGlobalSection
EndGlobal
